
Microsoft Visual Studio Solution File, Format Version 12.00
# Visual Studio 2012
Project("{FAE04EC0-301F-11D3-BF4B-00C04F79EFBC}") = "Sacknet.KinectFacialRecognition", "Sacknet.KinectFacialRecognition\Sacknet.KinectFacialRecognition.csproj", "{D10C23EC-AB96-4103-9D53-0C2089A3BCFB}"
EndProject
Project("{FAE04EC0-301F-11D3-BF4B-00C04F79EFBC}") = "Sacknet.KinectFacialRecognitionDemo", "Sacknet.KinectFacialRecognitionDemo\Sacknet.KinectFacialRecognitionDemo.csproj", "{7DEB49BA-7C81-44E8-B68E-F7BD0A7C10F1}"
EndProject
Project("{FAE04EC0-301F-11D3-BF4B-00C04F79EFBC}") = "Sacknet.KinectFacialRecognitionTests", "Sacknet.KinectFacialRecognitionTests\Sacknet.KinectFacialRecognitionTests.csproj", "{14E8FEC6-B95E-4F00-BDD1-F4FC5322180F}"
EndProject
Global
	GlobalSection(SolutionConfigurationPlatforms) = preSolution
		Debug|Any CPU = Debug|Any CPU
		Release|Any CPU = Release|Any CPU
	EndGlobalSection
	GlobalSection(ProjectConfigurationPlatforms) = postSolution
		{D10C23EC-AB96-4103-9D53-0C2089A3BCFB}.Debug|Any CPU.ActiveCfg = Debug|Any CPU
		{D10C23EC-AB96-4103-9D53-0C2089A3BCFB}.Debug|Any CPU.Build.0 = Debug|Any CPU
		{D10C23EC-AB96-4103-9D53-0C2089A3BCFB}.Release|Any CPU.ActiveCfg = Release|Any CPU
		{D10C23EC-AB96-4103-9D53-0C2089A3BCFB}.Release|Any CPU.Build.0 = Release|Any CPU
		{7DEB49BA-7C81-44E8-B68E-F7BD0A7C10F1}.Debug|Any CPU.ActiveCfg = Debug|Any CPU
		{7DEB49BA-7C81-44E8-B68E-F7BD0A7C10F1}.Debug|Any CPU.Build.0 = Debug|Any CPU
		{7DEB49BA-7C81-44E8-B68E-F7BD0A7C10F1}.Release|Any CPU.ActiveCfg = Release|Any CPU
		{7DEB49BA-7C81-44E8-B68E-F7BD0A7C10F1}.Release|Any CPU.Build.0 = Release|Any CPU
		{14E8FEC6-B95E-4F00-BDD1-F4FC5322180F}.Debug|Any CPU.ActiveCfg = Debug|Any CPU
		{14E8FEC6-B95E-4F00-BDD1-F4FC5322180F}.Debug|Any CPU.Build.0 = Debug|Any CPU
		{14E8FEC6-B95E-4F00-BDD1-F4FC5322180F}.Release|Any CPU.ActiveCfg = Release|Any CPU
		{14E8FEC6-B95E-4F00-BDD1-F4FC5322180F}.Release|Any CPU.Build.0 = Release|Any CPU
	EndGlobalSection
	GlobalSection(SolutionProperties) = preSolution
		HideSolutionNode = FALSE
	EndGlobalSection
EndGlobal
